
Microsoft Visual Studio Solution File, Format Version 12.00
# Visual Studio Version 16
VisualStudioVersion = 16.0.29519.181
MinimumVisualStudioVersion = 10.0.40219.1
Project("{FAE04EC0-301F-11D3-BF4B-00C04F79EFBC}") = "Semaforo2", "Semaforo2\Semaforo2.csproj", "{7D532660-610B-4297-ADEC-B6142D05E42E}"
EndProject
Global
	GlobalSection(SolutionConfigurationPlatforms) = preSolution
		Debug|Any CPU = Debug|Any CPU
		Release|Any CPU = Release|Any CPU
	EndGlobalSection
	GlobalSection(ProjectConfigurationPlatforms) = postSolution
		{7D532660-610B-4297-ADEC-B6142D05E42E}.Debug|Any CPU.ActiveCfg = Debug|Any CPU
		{7D532660-610B-4297-ADEC-B6142D05E42E}.Debug|Any CPU.Build.0 = Debug|Any CPU
		{7D532660-610B-4297-ADEC-B6142D05E42E}.Release|Any CPU.ActiveCfg = Release|Any CPU
		{7D532660-610B-4297-ADEC-B6142D05E42E}.Release|Any CPU.Build.0 = Release|Any CPU
	EndGlobalSection
	GlobalSection(SolutionProperties) = preSolution
		HideSolutionNode = FALSE
	EndGlobalSection
	GlobalSection(ExtensibilityGlobals) = postSolution
		SolutionGuid = {230532C4-2FCB-462A-9D63-C18953EE1AA8}
	EndGlobalSection
EndGlobal
